
Microsoft Visual Studio Solution File, Format Version 12.00
# Visual Studio Version 17
VisualStudioVersion = 17.0.31903.59
MinimumVisualStudioVersion = 10.0.40219.1
Project("{FAE04EC0-301F-11D3-BF4B-00C04F79EFBC}") = "RPG-Mini-Project-B", "RPG-Mini-Project-B.csproj", "{DEAAA212-B60A-4D81-AE5D-DD3C27B95698}"
EndProject
Global
	GlobalSection(SolutionConfigurationPlatforms) = preSolution
		Debug|Any CPU = Debug|Any CPU
		Release|Any CPU = Release|Any CPU
	EndGlobalSection
	GlobalSection(SolutionProperties) = preSolution
		HideSolutionNode = FALSE
	EndGlobalSection
	GlobalSection(ProjectConfigurationPlatforms) = postSolution
		{DEAAA212-B60A-4D81-AE5D-DD3C27B95698}.Debug|Any CPU.ActiveCfg = Debug|Any CPU
		{DEAAA212-B60A-4D81-AE5D-DD3C27B95698}.Debug|Any CPU.Build.0 = Debug|Any CPU
		{DEAAA212-B60A-4D81-AE5D-DD3C27B95698}.Release|Any CPU.ActiveCfg = Release|Any CPU
		{DEAAA212-B60A-4D81-AE5D-DD3C27B95698}.Release|Any CPU.Build.0 = Release|Any CPU
	EndGlobalSection
EndGlobal
